<Solution>
  <Folder Name="/src/">
    <Project Path="src/OrderFlow.Api/OrderFlow.Api.csproj" />
    <Project Path="src/OrderFlow.InventoryWorker/OrderFlow.InventoryWorker.csproj" />
    <Project Path="src/OrderFlow.Shared/OrderFlow.Shared.csproj" />
  </Folder>
  <Folder Name="/tests/">
    <Project Path="tests/OrderFlow.Tests/OrderFlow.Tests.csproj" />
  </Folder>
</Solution>
